
Microsoft Visual Studio Solution File, Format Version 12.00
# Visual Studio Version 17
VisualStudioVersion = 17.4.33205.214
MinimumVisualStudioVersion = 10.0.40219.1
Project("{9A19103F-16F7-4668-BE54-9A1E7A4F7556}") = "Task_quicksort", "Task_quicksort\Task_quicksort.csproj", "{D72BC0A9-D721-4D61-9829-35306DA3DBD9}"
EndProject
Global
	GlobalSection(SolutionConfigurationPlatforms) = preSolution
		Debug|Any CPU = Debug|Any CPU
		Release|Any CPU = Release|Any CPU
	EndGlobalSection
	GlobalSection(ProjectConfigurationPlatforms) = postSolution
		{D72BC0A9-D721-4D61-9829-35306DA3DBD9}.Debug|Any CPU.ActiveCfg = Debug|Any CPU
		{D72BC0A9-D721-4D61-9829-35306DA3DBD9}.Debug|Any CPU.Build.0 = Debug|Any CPU
		{D72BC0A9-D721-4D61-9829-35306DA3DBD9}.Release|Any CPU.ActiveCfg = Release|Any CPU
		{D72BC0A9-D721-4D61-9829-35306DA3DBD9}.Release|Any CPU.Build.0 = Release|Any CPU
	EndGlobalSection
	GlobalSection(SolutionProperties) = preSolution
		HideSolutionNode = FALSE
	EndGlobalSection
	GlobalSection(ExtensibilityGlobals) = postSolution
		SolutionGuid = {8FE5B93F-9ADE-4CCA-801A-BED722B7B58D}
	EndGlobalSection
EndGlobal
